// !$*UTF8*$!
{
	archiveVersion = 1;
	classes = {
	};
	objectVersion = 46;
	objects = {

/* Begin PBXBuildFile section */
		AE168008198FB08C007DDD0D /* AppDelegate.swift in Sources */ = {isa = PBXBuildFile; fileRef = AE168007198FB08C007DDD0D /* AppDelegate.swift */; };
		AE16800A198FB08C007DDD0D /* ViewController.swift in Sources */ = {isa = PBXBuildFile; fileRef = AE168009198FB08C007DDD0D /* ViewController.swift */; };
		AE16800D198FB08C007DDD0D /* Main.storyboard in Resources */ = {isa = PBXBuildFile; fileRef = AE16800B198FB08C007DDD0D /* Main.storyboard */; };
		AE16800F198FB08C007DDD0D /* Images.xcassets in Resources */ = {isa = PBXBuildFile; fileRef = AE16800E198FB08C007DDD0D /* Images.xcassets */; };
		AE16801B198FB08C007DDD0D /* BoardGameTests.swift in Sources */ = {isa = PBXBuildFile; fileRef = AE16801A198FB08C007DDD0D /* BoardGameTests.swift */; };
		AE168025198FB111007DDD0D /* Board.swift in Sources */ = {isa = PBXBuildFile; fileRef = AE168024198FB111007DDD0D /* Board.swift */; };
		AE16802B198FB5DC007DDD0D /* ReversiPiece.swift in Sources */ = {isa = PBXBuildFile; fileRef = AE16802A198FB5DC007DDD0D /* ReversiPiece.swift */; };
		AE16802E198FC709007DDD0D /* GameLogic.swift in Sources */ = {isa = PBXBuildFile; fileRef = AE16802D198FC709007DDD0D /* GameLogic.swift */; };
		AE168030198FC855007DDD0D /* ReversiGameLogic.swift in Sources */ = {isa = PBXBuildFile; fileRef = AE16802F198FC855007DDD0D /* ReversiGameLogic.swift */; };
		AE168032198FCA35007DDD0D /* Player.swift in Sources */ = {isa = PBXBuildFile; fileRef = AE168031198FCA35007DDD0D /* Player.swift */; };
		AE168034198FCA58007DDD0D /* Game.swift in Sources */ = {isa = PBXBuildFile; fileRef = AE168033198FCA58007DDD0D /* Game.swift */; };
		AEA2D5441990B8FA00C39511 /* AI.swift in Sources */ = {isa = PBXBuildFile; fileRef = AEA2D5431990B8FA00C39511 /* AI.swift */; };
		AEA2D5461991012A00C39511 /* CheckersPiece.swift in Sources */ = {isa = PBXBuildFile; fileRef = AEA2D5451991012A00C39511 /* CheckersPiece.swift */; };
		AEA2D5481991014300C39511 /* CheckersGameLogic.swift in Sources */ = {isa = PBXBuildFile; fileRef = AEA2D5471991014300C39511 /* CheckersGameLogic.swift */; };
		AEA2D54B19923ADB00C39511 /* Move.swift in Sources */ = {isa = PBXBuildFile; fileRef = AEA2D54A19923ADB00C39511 /* Move.swift */; };
		AEA5EBDE240900A500878DEF /* supportKotlinInSwift.swift in Sources */ = {isa = PBXBuildFile; fileRef = AEA5EBDD240900A500878DEF /* supportKotlinInSwift.swift */; };
/* End PBXBuildFile section */

/* Begin PBXContainerItemProxy section */
		AE168015198FB08C007DDD0D /* PBXContainerItemProxy */ = {
			isa = PBXContainerItemProxy;
			containerPortal = AE167FFA198FB08C007DDD0D /* Project object */;
			proxyType = 1;
			remoteGlobalIDString = AE168001198FB08C007DDD0D;
			remoteInfo = BoardGame;
		};
/* End PBXContainerItemProxy section */

/* Begin PBXFileReference section */
		AE168002198FB08C007DDD0D /* BoardGame.app */ = {isa = PBXFileReference; explicitFileType = wrapper.application; includeInIndex = 0; path = BoardGame.app; sourceTree = BUILT_PRODUCTS_DIR; };
		AE168006198FB08C007DDD0D /* Info.plist */ = {isa = PBXFileReference; lastKnownFileType = text.plist.xml; path = Info.plist; sourceTree = "<group>"; };
		AE168007198FB08C007DDD0D /* AppDelegate.swift */ = {isa = PBXFileReference; lastKnownFileType = sourcecode.swift; path = AppDelegate.swift; sourceTree = "<group>"; };
		AE168009198FB08C007DDD0D /* ViewController.swift */ = {isa = PBXFileReference; lastKnownFileType = sourcecode.swift; path = ViewController.swift; sourceTree = "<group>"; };
		AE16800C198FB08C007DDD0D /* Base */ = {isa = PBXFileReference; lastKnownFileType = file.storyboard; name = Base; path = Base.lproj/Main.storyboard; sourceTree = "<group>"; };
		AE16800E198FB08C007DDD0D /* Images.xcassets */ = {isa = PBXFileReference; lastKnownFileType = folder.assetcatalog; path = Images.xcassets; sourceTree = "<group>"; };
		AE168014198FB08C007DDD0D /* BoardGameTests.xctest */ = {isa = PBXFileReference; explicitFileType = wrapper.cfbundle; includeInIndex = 0; path = BoardGameTests.xctest; sourceTree = BUILT_PRODUCTS_DIR; };
		AE168019198FB08C007DDD0D /* Info.plist */ = {isa = PBXFileReference; lastKnownFileType = text.plist.xml; path = Info.plist; sourceTree = "<group>"; };
		AE16801A198FB08C007DDD0D /* BoardGameTests.swift */ = {isa = PBXFileReference; lastKnownFileType = sourcecode.swift; path = BoardGameTests.swift; sourceTree = "<group>"; };
		AE168024198FB111007DDD0D /* Board.swift */ = {isa = PBXFileReference; fileEncoding = 4; lastKnownFileType = sourcecode.swift; path = Board.swift; sourceTree = "<group>"; };
		AE16802A198FB5DC007DDD0D /* ReversiPiece.swift */ = {isa = PBXFileReference; fileEncoding = 4; lastKnownFileType = sourcecode.swift; path = ReversiPiece.swift; sourceTree = "<group>"; };
		AE16802D198FC709007DDD0D /* GameLogic.swift */ = {isa = PBXFileReference; fileEncoding = 4; lastKnownFileType = sourcecode.swift; path = GameLogic.swift; sourceTree = "<group>"; };
		AE16802F198FC855007DDD0D /* ReversiGameLogic.swift */ = {isa = PBXFileReference; fileEncoding = 4; lastKnownFileType = sourcecode.swift; path = ReversiGameLogic.swift; sourceTree = "<group>"; };
		AE168031198FCA35007DDD0D /* Player.swift */ = {isa = PBXFileReference; fileEncoding = 4; lastKnownFileType = sourcecode.swift; path = Player.swift; sourceTree = "<group>"; };
		AE168033198FCA58007DDD0D /* Game.swift */ = {isa = PBXFileReference; fileEncoding = 4; lastKnownFileType = sourcecode.swift; path = Game.swift; sourceTree = "<group>"; };
		AEA2D5431990B8FA00C39511 /* AI.swift */ = {isa = PBXFileReference; fileEncoding = 4; lastKnownFileType = sourcecode.swift; path = AI.swift; sourceTree = "<group>"; };
		AEA2D5451991012A00C39511 /* CheckersPiece.swift */ = {isa = PBXFileReference; fileEncoding = 4; lastKnownFileType = sourcecode.swift; path = CheckersPiece.swift; sourceTree = "<group>"; };
		AEA2D5471991014300C39511 /* CheckersGameLogic.swift */ = {isa = PBXFileReference; fileEncoding = 4; lastKnownFileType = sourcecode.swift; path = CheckersGameLogic.swift; sourceTree = "<group>"; };
		AEA2D54A19923ADB00C39511 /* Move.swift */ = {isa = PBXFileReference; fileEncoding = 4; lastKnownFileType = sourcecode.swift; path = Move.swift; sourceTree = "<group>"; };
		AEA5EBDD240900A500878DEF /* supportKotlinInSwift.swift */ = {isa = PBXFileReference; lastKnownFileType = sourcecode.swift; path = supportKotlinInSwift.swift; sourceTree = "<group>"; };
/* End PBXFileReference section */

/* Begin PBXFrameworksBuildPhase section */
		AE167FFF198FB08C007DDD0D /* Frameworks */ = {
			isa = PBXFrameworksBuildPhase;
			buildActionMask = 2147483647;
			files = (
			);
			runOnlyForDeploymentPostprocessing = 0;
		};
		AE168011198FB08C007DDD0D /* Frameworks */ = {
			isa = PBXFrameworksBuildPhase;
			buildActionMask = 2147483647;
			files = (
			);
			runOnlyForDeploymentPostprocessing = 0;
		};
/* End PBXFrameworksBuildPhase section */

/* Begin PBXGroup section */
		AE167FF9198FB08C007DDD0D = {
			isa = PBXGroup;
			children = (
				AE168004198FB08C007DDD0D /* BoardGame */,
				AE168017198FB08C007DDD0D /* BoardGameTests */,
				AE168003198FB08C007DDD0D /* Products */,
			);
			sourceTree = "<group>";
		};
		AE168003198FB08C007DDD0D /* Products */ = {
			isa = PBXGroup;
			children = (
				AE168002198FB08C007DDD0D /* BoardGame.app */,
				AE168014198FB08C007DDD0D /* BoardGameTests.xctest */,
			);
			name = Products;
			sourceTree = "<group>";
		};
		AE168004198FB08C007DDD0D /* BoardGame */ = {
			isa = PBXGroup;
			children = (
				AE168007198FB08C007DDD0D /* AppDelegate.swift */,
				AE168009198FB08C007DDD0D /* ViewController.swift */,
				AE16800B198FB08C007DDD0D /* Main.storyboard */,
				AE16800E198FB08C007DDD0D /* Images.xcassets */,
				AE168005198FB08C007DDD0D /* Supporting Files */,
				AE168027198FB148007DDD0D /* Model */,
			);
			path = BoardGame;
			sourceTree = "<group>";
		};
		AE168005198FB08C007DDD0D /* Supporting Files */ = {
			isa = PBXGroup;
			children = (
				AE168006198FB08C007DDD0D /* Info.plist */,
			);
			name = "Supporting Files";
			sourceTree = "<group>";
		};
		AE168017198FB08C007DDD0D /* BoardGameTests */ = {
			isa = PBXGroup;
			children = (
				AE16801A198FB08C007DDD0D /* BoardGameTests.swift */,
				AE168018198FB08C007DDD0D /* Supporting Files */,
			);
			path = BoardGameTests;
			sourceTree = "<group>";
		};
		AE168018198FB08C007DDD0D /* Supporting Files */ = {
			isa = PBXGroup;
			children = (
				AE168019198FB08C007DDD0D /* Info.plist */,
			);
			name = "Supporting Files";
			sourceTree = "<group>";
		};
		AE168027198FB148007DDD0D /* Model */ = {
			isa = PBXGroup;
			children = (
				AEA2D54A19923ADB00C39511 /* Move.swift */,
				AE168024198FB111007DDD0D /* Board.swift */,
				AE16802D198FC709007DDD0D /* GameLogic.swift */,
				AE168031198FCA35007DDD0D /* Player.swift */,
				AE168033198FCA58007DDD0D /* Game.swift */,
				AEA2D5431990B8FA00C39511 /* AI.swift */,
				AEA2D5491991014900C39511 /* Checkers */,
				AE16802C198FB5E3007DDD0D /* Reversi */,
				AEA5EBDD240900A500878DEF /* supportKotlinInSwift.swift */,
			);
			name = Model;
			sourceTree = "<group>";
		};
		AE16802C198FB5E3007DDD0D /* Reversi */ = {
			isa = PBXGroup;
			children = (
				AE16802A198FB5DC007DDD0D /* ReversiPiece.swift */,
				AE16802F198FC855007DDD0D /* ReversiGameLogic.swift */,
			);
			name = Reversi;
			sourceTree = "<group>";
		};
		AEA2D5491991014900C39511 /* Checkers */ = {
			isa = PBXGroup;
			children = (
				AEA2D5451991012A00C39511 /* CheckersPiece.swift */,
				AEA2D5471991014300C39511 /* CheckersGameLogic.swift */,
			);
			name = Checkers;
			sourceTree = "<group>";
		};
/* End PBXGroup section */

/* Begin PBXNativeTarget section */
		AE168001198FB08C007DDD0D /* BoardGame */ = {
			isa = PBXNativeTarget;
			buildConfigurationList = AE16801E198FB08C007DDD0D /* Build configuration list for PBXNativeTarget "BoardGame" */;
			buildPhases = (
				AE167FFE198FB08C007DDD0D /* Sources */,
				AE167FFF198FB08C007DDD0D /* Frameworks */,
				AE168000198FB08C007DDD0D /* Resources */,
			);
			buildRules = (
			);
			dependencies = (
			);
			name = BoardGame;
			productName = BoardGame;
			productReference = AE168002198FB08C007DDD0D /* BoardGame.app */;
			productType = "com.apple.product-type.application";
		};
		AE168013198FB08C007DDD0D /* BoardGameTests */ = {
			isa = PBXNativeTarget;
			buildConfigurationList = AE168021198FB08C007DDD0D /* Build configuration list for PBXNativeTarget "BoardGameTests" */;
			buildPhases = (
				AE168010198FB08C007DDD0D /* Sources */,
				AE168011198FB08C007DDD0D /* Frameworks */,
				AE168012198FB08C007DDD0D /* Resources */,
			);
			buildRules = (
			);
			dependencies = (
				AE168016198FB08C007DDD0D /* PBXTargetDependency */,
			);
			name = BoardGameTests;
			productName = BoardGameTests;
			productReference = AE168014198FB08C007DDD0D /* BoardGameTests.xctest */;
			productType = "com.apple.product-type.bundle.unit-test";
		};
/* End PBXNativeTarget section */

/* Begin PBXProject section */
		AE167FFA198FB08C007DDD0D /* Project object */ = {
			isa = PBXProject;
			attributes = {
				LastSwiftMigration = 0700;
				LastSwiftUpdateCheck = 0700;
				LastUpgradeCheck = 1020;
				ORGANIZATIONNAME = THM;
				TargetAttributes = {
					AE168001198FB08C007DDD0D = {
						CreatedOnToolsVersion = 6.0;
						DevelopmentTeam = 6Y53PWAWY2;
						LastSwiftMigration = 1020;
					};
					AE168013198FB08C007DDD0D = {
						CreatedOnToolsVersion = 6.0;
						LastSwiftMigration = 0900;
						TestTargetID = AE168001198FB08C007DDD0D;
					};
				};
			};
			buildConfigurationList = AE167FFD198FB08C007DDD0D /* Build configuration list for PBXProject "BoardGame" */;
			compatibilityVersion = "Xcode 3.2";
			developmentRegion = English;
			hasScannedForEncodings = 0;
			knownRegions = (
				English,
				en,
				Base,
			);
			mainGroup = AE167FF9198FB08C007DDD0D;
			productRefGroup = AE168003198FB08C007DDD0D /* Products */;
			projectDirPath = "";
			projectRoot = "";
			targets = (
				AE168001198FB08C007DDD0D /* BoardGame */,
				AE168013198FB08C007DDD0D /* BoardGameTests */,
			);
		};
/* End PBXProject section */

/* Begin PBXResourcesBuildPhase section */
		AE168000198FB08C007DDD0D /* Resources */ = {
			isa = PBXResourcesBuildPhase;
			buildActionMask = 2147483647;
			files = (
				AE16800D198FB08C007DDD0D /* Main.storyboard in Resources */,
				AE16800F198FB08C007DDD0D /* Images.xcassets in Resources */,
			);
			runOnlyForDeploymentPostprocessing = 0;
		};
		AE168012198FB08C007DDD0D /* Resources */ = {
			isa = PBXResourcesBuildPhase;
			buildActionMask = 2147483647;
			files = (
			);
			runOnlyForDeploymentPostprocessing = 0;
		};
/* End PBXResourcesBuildPhase section */

/* Begin PBXSourcesBuildPhase section */
		AE167FFE198FB08C007DDD0D /* Sources */ = {
			isa = PBXSourcesBuildPhase;
			buildActionMask = 2147483647;
			files = (
				AE16802E198FC709007DDD0D /* GameLogic.swift in Sources */,
				AE168034198FCA58007DDD0D /* Game.swift in Sources */,
				AEA2D5481991014300C39511 /* CheckersGameLogic.swift in Sources */,
				AEA5EBDE240900A500878DEF /* supportKotlinInSwift.swift in Sources */,
				AEA2D54B19923ADB00C39511 /* Move.swift in Sources */,
				AE168030198FC855007DDD0D /* ReversiGameLogic.swift in Sources */,
				AEA2D5441990B8FA00C39511 /* AI.swift in Sources */,
				AE16800A198FB08C007DDD0D /* ViewController.swift in Sources */,
				AE168032198FCA35007DDD0D /* Player.swift in Sources */,
				AEA2D5461991012A00C39511 /* CheckersPiece.swift in Sources */,
				AE168008198FB08C007DDD0D /* AppDelegate.swift in Sources */,
				AE16802B198FB5DC007DDD0D /* ReversiPiece.swift in Sources */,
				AE168025198FB111007DDD0D /* Board.swift in Sources */,
			);
			runOnlyForDeploymentPostprocessing = 0;
		};
		AE168010198FB08C007DDD0D /* Sources */ = {
			isa = PBXSourcesBuildPhase;
			buildActionMask = 2147483647;
			files = (
				AE16801B198FB08C007DDD0D /* BoardGameTests.swift in Sources */,
			);
			runOnlyForDeploymentPostprocessing = 0;
		};
/* End PBXSourcesBuildPhase section */

/* Begin PBXTargetDependency section */
		AE168016198FB08C007DDD0D /* PBXTargetDependency */ = {
			isa = PBXTargetDependency;
			target = AE168001198FB08C007DDD0D /* BoardGame */;
			targetProxy = AE168015198FB08C007DDD0D /* PBXContainerItemProxy */;
		};
/* End PBXTargetDependency section */

/* Begin PBXVariantGroup section */
		AE16800B198FB08C007DDD0D /* Main.storyboard */ = {
			isa = PBXVariantGroup;
			children = (
				AE16800C198FB08C007DDD0D /* Base */,
			);
			name = Main.storyboard;
			sourceTree = "<group>";
		};
/* End PBXVariantGroup section */

/* Begin XCBuildConfiguration section */
		AE16801C198FB08C007DDD0D /* Debug */ = {
			isa = XCBuildConfiguration;
			buildSettings = {
				ALWAYS_SEARCH_USER_PATHS = NO;
				CLANG_CXX_LANGUAGE_STANDARD = "gnu++0x";
				CLANG_CXX_LIBRARY = "libc++";
				CLANG_ENABLE_MODULES = YES;
				CLANG_ENABLE_OBJC_ARC = YES;
				CLANG_WARN_BLOCK_CAPTURE_AUTORELEASING = YES;
				CLANG_WARN_BOOL_CONVERSION = YES;
				CLANG_WARN_COMMA = YES;
				CLANG_WARN_CONSTANT_CONVERSION = YES;
				CLANG_WARN_DEPRECATED_OBJC_IMPLEMENTATIONS = YES;
				CLANG_WARN_DIRECT_OBJC_ISA_USAGE = YES_ERROR;
				CLANG_WARN_EMPTY_BODY = YES;
				CLANG_WARN_ENUM_CONVERSION = YES;
				CLANG_WARN_INFINITE_RECURSION = YES;
				CLANG_WARN_INT_CONVERSION = YES;
				CLANG_WARN_NON_LITERAL_NULL_CONVERSION = YES;
				CLANG_WARN_OBJC_IMPLICIT_RETAIN_SELF = YES;
				CLANG_WARN_OBJC_LITERAL_CONVERSION = YES;
				CLANG_WARN_OBJC_ROOT_CLASS = YES_ERROR;
				CLANG_WARN_RANGE_LOOP_ANALYSIS = YES;
				CLANG_WARN_STRICT_PROTOTYPES = YES;
				CLANG_WARN_SUSPICIOUS_MOVE = YES;
				CLANG_WARN_UNREACHABLE_CODE = YES;
				CLANG_WARN__DUPLICATE_METHOD_MATCH = YES;
				"CODE_SIGN_IDENTITY[sdk=iphoneos*]" = "iPhone Developer";
				COPY_PHASE_STRIP = NO;
				ENABLE_STRICT_OBJC_MSGSEND = YES;
				ENABLE_TESTABILITY = YES;
				GCC_C_LANGUAGE_STANDARD = gnu99;
				GCC_DYNAMIC_NO_PIC = NO;
				GCC_NO_COMMON_BLOCKS = YES;
				GCC_OPTIMIZATION_LEVEL = 0;
				GCC_PREPROCESSOR_DEFINITIONS = (
					"DEBUG=1",
					"$(inherited)",
				);
				GCC_SYMBOLS_PRIVATE_EXTERN = NO;
				GCC_WARN_64_TO_32_BIT_CONVERSION = YES;
				GCC_WARN_ABOUT_RETURN_TYPE = YES_ERROR;
				GCC_WARN_UNDECLARED_SELECTOR = YES;
				GCC_WARN_UNINITIALIZED_AUTOS = YES_AGGRESSIVE;
				GCC_WARN_UNUSED_FUNCTION = YES;
				GCC_WARN_UNUSED_VARIABLE = YES;
				IPHONEOS_DEPLOYMENT_TARGET = 10.0;
				MTL_ENABLE_DEBUG_INFO = YES;
				ONLY_ACTIVE_ARCH = YES;
				SDKROOT = iphoneos;
				SWIFT_OPTIMIZATION_LEVEL = "-Onone";
				SWIFT_SWIFT3_OBJC_INFERENCE = Default;
				SWIFT_VERSION = 5.0;
				TARGETED_DEVICE_FAMILY = "1,2";
			};
			name = Debug;
		};
		AE16801D198FB08C007DDD0D /* Release */ = {
			isa = XCBuildConfiguration;
			buildSettings = {
				ALWAYS_SEARCH_USER_PATHS = NO;
				CLANG_CXX_LANGUAGE_STANDARD = "gnu++0x";
				CLANG_CXX_LIBRARY = "libc++";
				CLANG_ENABLE_MODULES = YES;
				CLANG_ENABLE_OBJC_ARC = YES;
				CLANG_WARN_BLOCK_CAPTURE_AUTORELEASING = YES;
				CLANG_WARN_BOOL_CONVERSION = YES;
				CLANG_WARN_COMMA = YES;
				CLANG_WARN_CONSTANT_CONVERSION = YES;
				CLANG_WARN_DEPRECATED_OBJC_IMPLEMENTATIONS = YES;
				CLANG_WARN_DIRECT_OBJC_ISA_USAGE = YES_ERROR;
				CLANG_WARN_EMPTY_BODY = YES;
				CLANG_WARN_ENUM_CONVERSION = YES;
				CLANG_WARN_INFINITE_RECURSION = YES;
				CLANG_WARN_INT_CONVERSION = YES;
				CLANG_WARN_NON_LITERAL_NULL_CONVERSION = YES;
				CLANG_WARN_OBJC_IMPLICIT_RETAIN_SELF = YES;
				CLANG_WARN_OBJC_LITERAL_CONVERSION = YES;
				CLANG_WARN_OBJC_ROOT_CLASS = YES_ERROR;
				CLANG_WARN_RANGE_LOOP_ANALYSIS = YES;
				CLANG_WARN_STRICT_PROTOTYPES = YES;
				CLANG_WARN_SUSPICIOUS_MOVE = YES;
				CLANG_WARN_UNREACHABLE_CODE = YES;
				CLANG_WARN__DUPLICATE_METHOD_MATCH = YES;
				"CODE_SIGN_IDENTITY[sdk=iphoneos*]" = "iPhone Developer";
				COPY_PHASE_STRIP = YES;
				ENABLE_NS_ASSERTIONS = NO;
				ENABLE_STRICT_OBJC_MSGSEND = YES;
				GCC_C_LANGUAGE_STANDARD = gnu99;
				GCC_NO_COMMON_BLOCKS = YES;
				GCC_WARN_64_TO_32_BIT_CONVERSION = YES;
				GCC_WARN_ABOUT_RETURN_TYPE = YES_ERROR;
				GCC_WARN_UNDECLARED_SELECTOR = YES;
				GCC_WARN_UNINITIALIZED_AUTOS = YES_AGGRESSIVE;
				GCC_WARN_UNUSED_FUNCTION = YES;
				GCC_WARN_UNUSED_VARIABLE = YES;
				IPHONEOS_DEPLOYMENT_TARGET = 10.0;
				MTL_ENABLE_DEBUG_INFO = NO;
				SDKROOT = iphoneos;
				SWIFT_SWIFT3_OBJC_INFERENCE = Default;
				SWIFT_VERSION = 5.0;
				TARGETED_DEVICE_FAMILY = "1,2";
				VALIDATE_PRODUCT = YES;
			};
			name = Release;
		};
		AE16801F198FB08C007DDD0D /* Debug */ = {
			isa = XCBuildConfiguration;
			buildSettings = {
				ASSETCATALOG_COMPILER_APPICON_NAME = AppIcon;
				ASSETCATALOG_COMPILER_LAUNCHIMAGE_NAME = LaunchImage;
				INFOPLIST_FILE = BoardGame/Info.plist;
				IPHONEOS_DEPLOYMENT_TARGET = 10.0;
				LD_RUNPATH_SEARCH_PATHS = "$(inherited) @executable_path/Frameworks";
				PRODUCT_BUNDLE_IDENTIFIER = "de.thm.fma.swift.${PRODUCT_NAME:rfc1034identifier}";
				PRODUCT_NAME = "$(TARGET_NAME)";
				SWIFT_VERSION = 5.0;
			};
			name = Debug;
		};
		AE168020198FB08C007DDD0D /* Release */ = {
			isa = XCBuildConfiguration;
			buildSettings = {
				ASSETCATALOG_COMPILER_APPICON_NAME = AppIcon;
				ASSETCATALOG_COMPILER_LAUNCHIMAGE_NAME = LaunchImage;
				INFOPLIST_FILE = BoardGame/Info.plist;
				IPHONEOS_DEPLOYMENT_TARGET = 10.0;
				LD_RUNPATH_SEARCH_PATHS = "$(inherited) @executable_path/Frameworks";
				PRODUCT_BUNDLE_IDENTIFIER = "de.thm.fma.swift.${PRODUCT_NAME:rfc1034identifier}";
				PRODUCT_NAME = "$(TARGET_NAME)";
				SWIFT_OPTIMIZATION_LEVEL = "-Owholemodule";
				SWIFT_VERSION = 5.0;
			};
			name = Release;
		};
		AE168022198FB08C007DDD0D /* Debug */ = {
			isa = XCBuildConfiguration;
			buildSettings = {
				BUNDLE_LOADER = "$(BUILT_PRODUCTS_DIR)/BoardGame.app/BoardGame";
				FRAMEWORK_SEARCH_PATHS = "$(inherited)";
				GCC_PREPROCESSOR_DEFINITIONS = (
					"DEBUG=1",
					"$(inherited)",
				);
				INFOPLIST_FILE = BoardGameTests/Info.plist;
				LD_RUNPATH_SEARCH_PATHS = "$(inherited) @executable_path/Frameworks @loader_path/Frameworks";
				PRODUCT_BUNDLE_IDENTIFIER = "de.thm.fma.swift.${PRODUCT_NAME:rfc1034identifier}";
				PRODUCT_NAME = "$(TARGET_NAME)";
				SWIFT_SWIFT3_OBJC_INFERENCE = Default;
				SWIFT_VERSION = 5.0;
				TEST_HOST = "$(BUNDLE_LOADER)";
			};
			name = Debug;
		};
		AE168023198FB08C007DDD0D /* Release */ = {
			isa = XCBuildConfiguration;
			buildSettings = {
				BUNDLE_LOADER = "$(BUILT_PRODUCTS_DIR)/BoardGame.app/BoardGame";
				FRAMEWORK_SEARCH_PATHS = "$(inherited)";
				INFOPLIST_FILE = BoardGameTests/Info.plist;
				LD_RUNPATH_SEARCH_PATHS = "$(inherited) @executable_path/Frameworks @loader_path/Frameworks";
				PRODUCT_BUNDLE_IDENTIFIER = "de.thm.fma.swift.${PRODUCT_NAME:rfc1034identifier}";
				PRODUCT_NAME = "$(TARGET_NAME)";
				SWIFT_OPTIMIZATION_LEVEL = "-Owholemodule";
				SWIFT_SWIFT3_OBJC_INFERENCE = Default;
				SWIFT_VERSION = 5.0;
				TEST_HOST = "$(BUNDLE_LOADER)";
			};
			name = Release;
		};
/* End XCBuildConfiguration section */

/* Begin XCConfigurationList section */
		AE167FFD198FB08C007DDD0D /* Build configuration list for PBXProject "BoardGame" */ = {
			isa = XCConfigurationList;
			buildConfigurations = (
				AE16801C198FB08C007DDD0D /* Debug */,
				AE16801D198FB08C007DDD0D /* Release */,
			);
			defaultConfigurationIsVisible = 0;
			defaultConfigurationName = Release;
		};
		AE16801E198FB08C007DDD0D /* Build configuration list for PBXNativeTarget "BoardGame" */ = {
			isa = XCConfigurationList;
			buildConfigurations = (
				AE16801F198FB08C007DDD0D /* Debug */,
				AE168020198FB08C007DDD0D /* Release */,
			);
			defaultConfigurationIsVisible = 0;
			defaultConfigurationName = Release;
		};
		AE168021198FB08C007DDD0D /* Build configuration list for PBXNativeTarget "BoardGameTests" */ = {
			isa = XCConfigurationList;
			buildConfigurations = (
				AE168022198FB08C007DDD0D /* Debug */,
				AE168023198FB08C007DDD0D /* Release */,
			);
			defaultConfigurationIsVisible = 0;
			defaultConfigurationName = Release;
		};
/* End XCConfigurationList section */
	};
	rootObject = AE167FFA198FB08C007DDD0D /* Project object */;
}
